// !$*UTF8*$!
{
	archiveVersion = 1;
	classes = {
	};
	objectVersion = 77;
	objects = {

/* Begin PBXContainerItemProxy section */
		9C56E7442D6EF39300708DB6 /* PBXContainerItemProxy */ = {
			isa = PBXContainerItemProxy;
			containerPortal = 9C56E72B2D6EF39100708DB6 /* Project object */;
			proxyType = 1;
			remoteGlobalIDString = 9C56E7322D6EF39100708DB6;
			remoteInfo = FBLAGAME;
		};
		9C56E74E2D6EF39400708DB6 /* PBXContainerItemProxy */ = {
			isa = PBXContainerItemProxy;
			containerPortal = 9C56E72B2D6EF39100708DB6 /* Project object */;
			proxyType = 1;
			remoteGlobalIDString = 9C56E7322D6EF39100708DB6;
			remoteInfo = FBLAGAME;
		};
/* End PBXContainerItemProxy section */

/* Begin PBXFileReference section */
		9C56E7332D6EF39100708DB6 /* FBLAGAME.app */ = {isa = PBXFileReference; explicitFileType = wrapper.application; includeInIndex = 0; path = FBLAGAME.app; sourceTree = BUILT_PRODUCTS_DIR; };
		9C56E7432D6EF39300708DB6 /* FBLAGAMETests.xctest */ = {isa = PBXFileReference; explicitFileType = wrapper.cfbundle; includeInIndex = 0; path = FBLAGAMETests.xctest; sourceTree = BUILT_PRODUCTS_DIR; };
		9C56E74D2D6EF39300708DB6 /* FBLAGAMEUITests.xctest */ = {isa = PBXFileReference; explicitFileType = wrapper.cfbundle; includeInIndex = 0; path = FBLAGAMEUITests.xctest; sourceTree = BUILT_PRODUCTS_DIR; };
/* End PBXFileReference section */

/* Begin PBXFileSystemSynchronizedRootGroup section */
		9C56E7352D6EF39100708DB6 /* FBLAGAME */ = {
			isa = PBXFileSystemSynchronizedRootGroup;
			path = FBLAGAME;
			sourceTree = "<group>";
		};
		9C56E7462D6EF39300708DB6 /* FBLAGAMETests */ = {
			isa = PBXFileSystemSynchronizedRootGroup;
			path = FBLAGAMETests;
			sourceTree = "<group>";
		};
		9C56E7502D6EF39400708DB6 /* FBLAGAMEUITests */ = {
			isa = PBXFileSystemSynchronizedRootGroup;
			path = FBLAGAMEUITests;
			sourceTree = "<group>";
		};
/* End PBXFileSystemSynchronizedRootGroup section */

/* Begin PBXFrameworksBuildPhase section */
		9C56E7302D6EF39100708DB6 /* Frameworks */ = {
			isa = PBXFrameworksBuildPhase;
			buildActionMask = 2147483647;
			files = (
			);
			runOnlyForDeploymentPostprocessing = 0;
		};
		9C56E7402D6EF39300708DB6 /* Frameworks */ = {
			isa = PBXFrameworksBuildPhase;
			buildActionMask = 2147483647;
			files = (
			);
			runOnlyForDeploymentPostprocessing = 0;
		};
		9C56E74A2D6EF39300708DB6 /* Frameworks */ = {
			isa = PBXFrameworksBuildPhase;
			buildActionMask = 2147483647;
			files = (
			);
			runOnlyForDeploymentPostprocessing = 0;
		};
/* End PBXFrameworksBuildPhase section */

/* Begin PBXGroup section */
		9C56E72A2D6EF39100708DB6 = {
			isa = PBXGroup;
			children = (
				9C56E7352D6EF39100708DB6 /* FBLAGAME */,
				9C56E7462D6EF39300708DB6 /* FBLAGAMETests */,
				9C56E7502D6EF39400708DB6 /* FBLAGAMEUITests */,
				9C56E7342D6EF39100708DB6 /* Products */,
			);
			sourceTree = "<group>";
		};
		9C56E7342D6EF39100708DB6 /* Products */ = {
			isa = PBXGroup;
			children = (
				9C56E7332D6EF39100708DB6 /* FBLAGAME.app */,
				9C56E7432D6EF39300708DB6 /* FBLAGAMETests.xctest */,
				9C56E74D2D6EF39300708DB6 /* FBLAGAMEUITests.xctest */,
			);
			name = Products;
			sourceTree = "<group>";
		};
/* End PBXGroup section */

/* Begin PBXNativeTarget section */
		9C56E7322D6EF39100708DB6 /* FBLAGAME */ = {
			isa = PBXNativeTarget;
			buildConfigurationList = 9C56E7572D6EF39400708DB6 /* Build configuration list for PBXNativeTarget "FBLAGAME" */;
			buildPhases = (
				9C56E72F2D6EF39100708DB6 /* Sources */,
				9C56E7302D6EF39100708DB6 /* Frameworks */,
				9C56E7312D6EF39100708DB6 /* Resources */,
			);
			buildRules = (
			);
			dependencies = (
			);
			fileSystemSynchronizedGroups = (
				9C56E7352D6EF39100708DB6 /* FBLAGAME */,
			);
			name = FBLAGAME;
			packageProductDependencies = (
			);
			productName = FBLAGAME;
			productReference = 9C56E7332D6EF39100708DB6 /* FBLAGAME.app */;
			productType = "com.apple.product-type.application";
		};
		9C56E7422D6EF39300708DB6 /* FBLAGAMETests */ = {
			isa = PBXNativeTarget;
			buildConfigurationList = 9C56E75A2D6EF39400708DB6 /* Build configuration list for PBXNativeTarget "FBLAGAMETests" */;
			buildPhases = (
				9C56E73F2D6EF39300708DB6 /* Sources */,
				9C56E7402D6EF39300708DB6 /* Frameworks */,
				9C56E7412D6EF39300708DB6 /* Resources */,
			);
			buildRules = (
			);
			dependencies = (
				9C56E7452D6EF39300708DB6 /* PBXTargetDependency */,
			);
			fileSystemSynchronizedGroups = (
				9C56E7462D6EF39300708DB6 /* FBLAGAMETests */,
			);
			name = FBLAGAMETests;
			packageProductDependencies = (
			);
			productName = FBLAGAMETests;
			productReference = 9C56E7432D6EF39300708DB6 /* FBLAGAMETests.xctest */;
			productType = "com.apple.product-type.bundle.unit-test";
		};
		9C56E74C2D6EF39300708DB6 /* FBLAGAMEUITests */ = {
			isa = PBXNativeTarget;
			buildConfigurationList = 9C56E75D2D6EF39400708DB6 /* Build configuration list for PBXNativeTarget "FBLAGAMEUITests" */;
			buildPhases = (
				9C56E7492D6EF39300708DB6 /* Sources */,
				9C56E74A2D6EF39300708DB6 /* Frameworks */,
				9C56E74B2D6EF39300708DB6 /* Resources */,
			);
			buildRules = (
			);
			dependencies = (
				9C56E74F2D6EF39400708DB6 /* PBXTargetDependency */,
			);
			fileSystemSynchronizedGroups = (
				9C56E7502D6EF39400708DB6 /* FBLAGAMEUITests */,
			);
			name = FBLAGAMEUITests;
			packageProductDependencies = (
			);
			productName = FBLAGAMEUITests;
			productReference = 9C56E74D2D6EF39300708DB6 /* FBLAGAMEUITests.xctest */;
			productType = "com.apple.product-type.bundle.ui-testing";
		};
/* End PBXNativeTarget section */

/* Begin PBXProject section */
		9C56E72B2D6EF39100708DB6 /* Project object */ = {
			isa = PBXProject;
			attributes = {
				BuildIndependentTargetsInParallel = 1;
				LastSwiftUpdateCheck = 1620;
				LastUpgradeCheck = 1620;
				TargetAttributes = {
					9C56E7322D6EF39100708DB6 = {
						CreatedOnToolsVersion = 16.2;
					};
					9C56E7422D6EF39300708DB6 = {
						CreatedOnToolsVersion = 16.2;
						TestTargetID = 9C56E7322D6EF39100708DB6;
					};
					9C56E74C2D6EF39300708DB6 = {
						CreatedOnToolsVersion = 16.2;
						TestTargetID = 9C56E7322D6EF39100708DB6;
					};
				};
			};
			buildConfigurationList = 9C56E72E2D6EF39100708DB6 /* Build configuration list for PBXProject "FBLAGAME" */;
			developmentRegion = en;
			hasScannedForEncodings = 0;
			knownRegions = (
				en,
				Base,
			);
			mainGroup = 9C56E72A2D6EF39100708DB6;
			minimizedProjectReferenceProxies = 1;
			preferredProjectObjectVersion = 77;
			productRefGroup = 9C56E7342D6EF39100708DB6 /* Products */;
			projectDirPath = "";
			projectRoot = "";
			targets = (
				9C56E7322D6EF39100708DB6 /* FBLAGAME */,
				9C56E7422D6EF39300708DB6 /* FBLAGAMETests */,
				9C56E74C2D6EF39300708DB6 /* FBLAGAMEUITests */,
			);
		};
/* End PBXProject section */

/* Begin PBXResourcesBuildPhase section */
		9C56E7312D6EF39100708DB6 /* Resources */ = {
			isa = PBXResourcesBuildPhase;
			buildActionMask = 2147483647;
			files = (
			);
			runOnlyForDeploymentPostprocessing = 0;
		};
		9C56E7412D6EF39300708DB6 /* Resources */ = {
			isa = PBXResourcesBuildPhase;
			buildActionMask = 2147483647;
			files = (
			);
			runOnlyForDeploymentPostprocessing = 0;
		};
		9C56E74B2D6EF39300708DB6 /* Resources */ = {
			isa = PBXResourcesBuildPhase;
			buildActionMask = 2147483647;
			files = (
			);
			runOnlyForDeploymentPostprocessing = 0;
		};
/* End PBXResourcesBuildPhase section */

/* Begin PBXSourcesBuildPhase section */
		9C56E72F2D6EF39100708DB6 /* Sources */ = {
			isa = PBXSourcesBuildPhase;
			buildActionMask = 2147483647;
			files = (
			);
			runOnlyForDeploymentPostprocessing = 0;
		};
		9C56E73F2D6EF39300708DB6 /* Sources */ = {
			isa = PBXSourcesBuildPhase;
			buildActionMask = 2147483647;
			files = (
			);
			runOnlyForDeploymentPostprocessing = 0;
		};
		9C56E7492D6EF39300708DB6 /* Sources */ = {
			isa = PBXSourcesBuildPhase;
			buildActionMask = 2147483647;
			files = (
			);
			runOnlyForDeploymentPostprocessing = 0;
		};
/* End PBXSourcesBuildPhase section */

/* Begin PBXTargetDependency section */
		9C56E7452D6EF39300708DB6 /* PBXTargetDependency */ = {
			isa = PBXTargetDependency;
			target = 9C56E7322D6EF39100708DB6 /* FBLAGAME */;
			targetProxy = 9C56E7442D6EF39300708DB6 /* PBXContainerItemProxy */;
		};
		9C56E74F2D6EF39400708DB6 /* PBXTargetDependency */ = {
			isa = PBXTargetDependency;
			target = 9C56E7322D6EF39100708DB6 /* FBLAGAME */;
			targetProxy = 9C56E74E2D6EF39400708DB6 /* PBXContainerItemProxy */;
		};
/* End PBXTargetDependency section */

/* Begin XCBuildConfiguration section */
		9C56E7552D6EF39400708DB6 /* Debug */ = {
			isa = XCBuildConfiguration;
			buildSettings = {
				ALWAYS_SEARCH_USER_PATHS = NO;
				ASSETCATALOG_COMPILER_GENERATE_SWIFT_ASSET_SYMBOL_EXTENSIONS = YES;
				CLANG_ANALYZER_NONNULL = YES;
				CLANG_ANALYZER_NUMBER_OBJECT_CONVERSION = YES_AGGRESSIVE;
				CLANG_CXX_LANGUAGE_STANDARD = "gnu++20";
				CLANG_ENABLE_MODULES = YES;
				CLANG_ENABLE_OBJC_ARC = YES;
				CLANG_ENABLE_OBJC_WEAK = YES;
				CLANG_WARN_BLOCK_CAPTURE_AUTORELEASING = YES;
				CLANG_WARN_BOOL_CONVERSION = YES;
				CLANG_WARN_COMMA = YES;
				CLANG_WARN_CONSTANT_CONVERSION = YES;
				CLANG_WARN_DEPRECATED_OBJC_IMPLEMENTATIONS = YES;
				CLANG_WARN_DIRECT_OBJC_ISA_USAGE = YES_ERROR;
				CLANG_WARN_DOCUMENTATION_COMMENTS = YES;
				CLANG_WARN_EMPTY_BODY = YES;
				CLANG_WARN_ENUM_CONVERSION = YES;
				CLANG_WARN_INFINITE_RECURSION = YES;
				CLANG_WARN_INT_CONVERSION = YES;
				CLANG_WARN_NON_LITERAL_NULL_CONVERSION = YES;
				CLANG_WARN_OBJC_IMPLICIT_RETAIN_SELF = YES;
				CLANG_WARN_OBJC_LITERAL_CONVERSION = YES;
				CLANG_WARN_OBJC_ROOT_CLASS = YES_ERROR;
				CLANG_WARN_QUOTED_INCLUDE_IN_FRAMEWORK_HEADER = YES;
				CLANG_WARN_RANGE_LOOP_ANALYSIS = YES;
				CLANG_WARN_STRICT_PROTOTYPES = YES;
				CLANG_WARN_SUSPICIOUS_MOVE = YES;
				CLANG_WARN_UNGUARDED_AVAILABILITY = YES_AGGRESSIVE;
				CLANG_WARN_UNREACHABLE_CODE = YES;
				CLANG_WARN__DUPLICATE_METHOD_MATCH = YES;
				COPY_PHASE_STRIP = NO;
				DEBUG_INFORMATION_FORMAT = dwarf;
				ENABLE_STRICT_OBJC_MSGSEND = YES;
				ENABLE_TESTABILITY = YES;
				ENABLE_USER_SCRIPT_SANDBOXING = YES;
				GCC_C_LANGUAGE_STANDARD = gnu17;
				GCC_DYNAMIC_NO_PIC = NO;
				GCC_NO_COMMON_BLOCKS = YES;
				GCC_OPTIMIZATION_LEVEL = 0;
				GCC_PREPROCESSOR_DEFINITIONS = (
					"DEBUG=1",
					"$(inherited)",
				);
				GCC_WARN_64_TO_32_BIT_CONVERSION = YES;
				GCC_WARN_ABOUT_RETURN_TYPE = YES_ERROR;
				GCC_WARN_UNDECLARED_SELECTOR = YES;
				GCC_WARN_UNINITIALIZED_AUTOS = YES_AGGRESSIVE;
				GCC_WARN_UNUSED_FUNCTION = YES;
				GCC_WARN_UNUSED_VARIABLE = YES;
				IPHONEOS_DEPLOYMENT_TARGET = 18.2;
				LOCALIZATION_PREFERS_STRING_CATALOGS = YES;
				MTL_ENABLE_DEBUG_INFO = INCLUDE_SOURCE;
				MTL_FAST_MATH = YES;
				ONLY_ACTIVE_ARCH = YES;
				SDKROOT = iphoneos;
				SWIFT_ACTIVE_COMPILATION_CONDITIONS = "DEBUG $(inherited)";
				SWIFT_OPTIMIZATION_LEVEL = "-Onone";
			};
			name = Debug;
		};
		9C56E7562D6EF39400708DB6 /* Release */ = {
			isa = XCBuildConfiguration;
			buildSettings = {
				ALWAYS_SEARCH_USER_PATHS = NO;
				ASSETCATALOG_COMPILER_GENERATE_SWIFT_ASSET_SYMBOL_EXTENSIONS = YES;
				CLANG_ANALYZER_NONNULL = YES;
				CLANG_ANALYZER_NUMBER_OBJECT_CONVERSION = YES_AGGRESSIVE;
				CLANG_CXX_LANGUAGE_STANDARD = "gnu++20";
				CLANG_ENABLE_MODULES = YES;
				CLANG_ENABLE_OBJC_ARC = YES;
				CLANG_ENABLE_OBJC_WEAK = YES;
				CLANG_WARN_BLOCK_CAPTURE_AUTORELEASING = YES;
				CLANG_WARN_BOOL_CONVERSION = YES;
				CLANG_WARN_COMMA = YES;
				CLANG_WARN_CONSTANT_CONVERSION = YES;
				CLANG_WARN_DEPRECATED_OBJC_IMPLEMENTATIONS = YES;
				CLANG_WARN_DIRECT_OBJC_ISA_USAGE = YES_ERROR;
				CLANG_WARN_DOCUMENTATION_COMMENTS = YES;
				CLANG_WARN_EMPTY_BODY = YES;
				CLANG_WARN_ENUM_CONVERSION = YES;
				CLANG_WARN_INFINITE_RECURSION = YES;
				CLANG_WARN_INT_CONVERSION = YES;
				CLANG_WARN_NON_LITERAL_NULL_CONVERSION = YES;
				CLANG_WARN_OBJC_IMPLICIT_RETAIN_SELF = YES;
				CLANG_WARN_OBJC_LITERAL_CONVERSION = YES;
				CLANG_WARN_OBJC_ROOT_CLASS = YES_ERROR;
				CLANG_WARN_QUOTED_INCLUDE_IN_FRAMEWORK_HEADER = YES;
				CLANG_WARN_RANGE_LOOP_ANALYSIS = YES;
				CLANG_WARN_STRICT_PROTOTYPES = YES;
				CLANG_WARN_SUSPICIOUS_MOVE = YES;
				CLANG_WARN_UNGUARDED_AVAILABILITY = YES_AGGRESSIVE;
				CLANG_WARN_UNREACHABLE_CODE = YES;
				CLANG_WARN__DUPLICATE_METHOD_MATCH = YES;
				COPY_PHASE_STRIP = NO;
				DEBUG_INFORMATION_FORMAT = "dwarf-with-dsym";
				ENABLE_NS_ASSERTIONS = NO;
				ENABLE_STRICT_OBJC_MSGSEND = YES;
				ENABLE_USER_SCRIPT_SANDBOXING = YES;
				GCC_C_LANGUAGE_STANDARD = gnu17;
				GCC_NO_COMMON_BLOCKS = YES;
				GCC_WARN_64_TO_32_BIT_CONVERSION = YES;
				GCC_WARN_ABOUT_RETURN_TYPE = YES_ERROR;
				GCC_WARN_UNDECLARED_SELECTOR = YES;
				GCC_WARN_UNINITIALIZED_AUTOS = YES_AGGRESSIVE;
				GCC_WARN_UNUSED_FUNCTION = YES;
				GCC_WARN_UNUSED_VARIABLE = YES;
				IPHONEOS_DEPLOYMENT_TARGET = 18.2;
				LOCALIZATION_PREFERS_STRING_CATALOGS = YES;
				MTL_ENABLE_DEBUG_INFO = NO;
				MTL_FAST_MATH = YES;
				SDKROOT = iphoneos;
				SWIFT_COMPILATION_MODE = wholemodule;
				VALIDATE_PRODUCT = YES;
			};
			name = Release;
		};
		9C56E7582D6EF39400708DB6 /* Debug */ = {
			isa = XCBuildConfiguration;
			buildSettings = {
				ASSETCATALOG_COMPILER_APPICON_NAME = AppIcon;
				ASSETCATALOG_COMPILER_GLOBAL_ACCENT_COLOR_NAME = AccentColor;
				CODE_SIGN_STYLE = Automatic;
				CURRENT_PROJECT_VERSION = 1;
				DEVELOPMENT_ASSET_PATHS = "\"FBLAGAME/Preview Content\"";
				DEVELOPMENT_TEAM = 43BU72Z6G6;
				ENABLE_PREVIEWS = YES;
				GENERATE_INFOPLIST_FILE = YES;
				INFOPLIST_KEY_UIApplicationSceneManifest_Generation = YES;
				INFOPLIST_KEY_UIApplicationSupportsIndirectInputEvents = YES;
				INFOPLIST_KEY_UILaunchScreen_Generation = YES;
				INFOPLIST_KEY_UISupportedInterfaceOrientations_iPad = "UIInterfaceOrientationPortrait UIInterfaceOrientationPortraitUpsideDown UIInterfaceOrientationLandscapeLeft UIInterfaceOrientationLandscapeRight";
				INFOPLIST_KEY_UISupportedInterfaceOrientations_iPhone = "UIInterfaceOrientationPortrait UIInterfaceOrientationLandscapeLeft UIInterfaceOrientationLandscapeRight";
				LD_RUNPATH_SEARCH_PATHS = (
					"$(inherited)",
					"@executable_path/Frameworks",
				);
				MARKETING_VERSION = 1.0;
				PRODUCT_BUNDLE_IDENTIFIER = AEC.FBLAGAME;
				PRODUCT_NAME = "$(TARGET_NAME)";
				SWIFT_EMIT_LOC_STRINGS = YES;
				SWIFT_VERSION = 5.0;
				TARGETED_DEVICE_FAMILY = "1,2";
			};
			name = Debug;
		};
		9C56E7592D6EF39400708DB6 /* Release */ = {
			isa = XCBuildConfiguration;
			buildSettings = {
				ASSETCATALOG_COMPILER_APPICON_NAME = AppIcon;
				ASSETCATALOG_COMPILER_GLOBAL_ACCENT_COLOR_NAME = AccentColor;
				CODE_SIGN_STYLE = Automatic;
				CURRENT_PROJECT_VERSION = 1;
				DEVELOPMENT_ASSET_PATHS = "\"FBLAGAME/Preview Content\"";
				DEVELOPMENT_TEAM = 43BU72Z6G6;
				ENABLE_PREVIEWS = YES;
				GENERATE_INFOPLIST_FILE = YES;
				INFOPLIST_KEY_UIApplicationSceneManifest_Generation = YES;
				INFOPLIST_KEY_UIApplicationSupportsIndirectInputEvents = YES;
				INFOPLIST_KEY_UILaunchScreen_Generation = YES;
				INFOPLIST_KEY_UISupportedInterfaceOrientations_iPad = "UIInterfaceOrientationPortrait UIInterfaceOrientationPortraitUpsideDown UIInterfaceOrientationLandscapeLeft UIInterfaceOrientationLandscapeRight";
				INFOPLIST_KEY_UISupportedInterfaceOrientations_iPhone = "UIInterfaceOrientationPortrait UIInterfaceOrientationLandscapeLeft UIInterfaceOrientationLandscapeRight";
				LD_RUNPATH_SEARCH_PATHS = (
					"$(inherited)",
					"@executable_path/Frameworks",
				);
				MARKETING_VERSION = 1.0;
				PRODUCT_BUNDLE_IDENTIFIER = AEC.FBLAGAME;
				PRODUCT_NAME = "$(TARGET_NAME)";
				SWIFT_EMIT_LOC_STRINGS = YES;
				SWIFT_VERSION = 5.0;
				TARGETED_DEVICE_FAMILY = "1,2";
			};
			name = Release;
		};
		9C56E75B2D6EF39400708DB6 /* Debug */ = {
			isa = XCBuildConfiguration;
			buildSettings = {
				BUNDLE_LOADER = "$(TEST_HOST)";
				CODE_SIGN_STYLE = Automatic;
				CURRENT_PROJECT_VERSION = 1;
				DEVELOPMENT_TEAM = 43BU72Z6G6;
				GENERATE_INFOPLIST_FILE = YES;
				IPHONEOS_DEPLOYMENT_TARGET = 18.2;
				MARKETING_VERSION = 1.0;
				PRODUCT_BUNDLE_IDENTIFIER = AEC.FBLAGAMETests;
				PRODUCT_NAME = "$(TARGET_NAME)";
				SWIFT_EMIT_LOC_STRINGS = NO;
				SWIFT_VERSION = 5.0;
				TARGETED_DEVICE_FAMILY = "1,2";
				TEST_HOST = "$(BUILT_PRODUCTS_DIR)/FBLAGAME.app/$(BUNDLE_EXECUTABLE_FOLDER_PATH)/FBLAGAME";
			};
			name = Debug;
		};
		9C56E75C2D6EF39400708DB6 /* Release */ = {
			isa = XCBuildConfiguration;
			buildSettings = {
				BUNDLE_LOADER = "$(TEST_HOST)";
				CODE_SIGN_STYLE = Automatic;
				CURRENT_PROJECT_VERSION = 1;
				DEVELOPMENT_TEAM = 43BU72Z6G6;
				GENERATE_INFOPLIST_FILE = YES;
				IPHONEOS_DEPLOYMENT_TARGET = 18.2;
				MARKETING_VERSION = 1.0;
				PRODUCT_BUNDLE_IDENTIFIER = AEC.FBLAGAMETests;
				PRODUCT_NAME = "$(TARGET_NAME)";
				SWIFT_EMIT_LOC_STRINGS = NO;
				SWIFT_VERSION = 5.0;
				TARGETED_DEVICE_FAMILY = "1,2";
				TEST_HOST = "$(BUILT_PRODUCTS_DIR)/FBLAGAME.app/$(BUNDLE_EXECUTABLE_FOLDER_PATH)/FBLAGAME";
			};
			name = Release;
		};
		9C56E75E2D6EF39400708DB6 /* Debug */ = {
			isa = XCBuildConfiguration;
			buildSettings = {
				CODE_SIGN_STYLE = Automatic;
				CURRENT_PROJECT_VERSION = 1;
				DEVELOPMENT_TEAM = 43BU72Z6G6;
				GENERATE_INFOPLIST_FILE = YES;
				MARKETING_VERSION = 1.0;
				PRODUCT_BUNDLE_IDENTIFIER = AEC.FBLAGAMEUITests;
				PRODUCT_NAME = "$(TARGET_NAME)";
				SWIFT_EMIT_LOC_STRINGS = NO;
				SWIFT_VERSION = 5.0;
				TARGETED_DEVICE_FAMILY = "1,2";
				TEST_TARGET_NAME = FBLAGAME;
			};
			name = Debug;
		};
		9C56E75F2D6EF39400708DB6 /* Release */ = {
			isa = XCBuildConfiguration;
			buildSettings = {
				CODE_SIGN_STYLE = Automatic;
				CURRENT_PROJECT_VERSION = 1;
				DEVELOPMENT_TEAM = 43BU72Z6G6;
				GENERATE_INFOPLIST_FILE = YES;
				MARKETING_VERSION = 1.0;
				PRODUCT_BUNDLE_IDENTIFIER = AEC.FBLAGAMEUITests;
				PRODUCT_NAME = "$(TARGET_NAME)";
				SWIFT_EMIT_LOC_STRINGS = NO;
				SWIFT_VERSION = 5.0;
				TARGETED_DEVICE_FAMILY = "1,2";
				TEST_TARGET_NAME = FBLAGAME;
			};
			name = Release;
		};
/* End XCBuildConfiguration section */

/* Begin XCConfigurationList section */
		9C56E72E2D6EF39100708DB6 /* Build configuration list for PBXProject "FBLAGAME" */ = {
			isa = XCConfigurationList;
			buildConfigurations = (
				9C56E7552D6EF39400708DB6 /* Debug */,
				9C56E7562D6EF39400708DB6 /* Release */,
			);
			defaultConfigurationIsVisible = 0;
			defaultConfigurationName = Release;
		};
		9C56E7572D6EF39400708DB6 /* Build configuration list for PBXNativeTarget "FBLAGAME" */ = {
			isa = XCConfigurationList;
			buildConfigurations = (
				9C56E7582D6EF39400708DB6 /* Debug */,
				9C56E7592D6EF39400708DB6 /* Release */,
			);
			defaultConfigurationIsVisible = 0;
			defaultConfigurationName = Release;
		};
		9C56E75A2D6EF39400708DB6 /* Build configuration list for PBXNativeTarget "FBLAGAMETests" */ = {
			isa = XCConfigurationList;
			buildConfigurations = (
				9C56E75B2D6EF39400708DB6 /* Debug */,
				9C56E75C2D6EF39400708DB6 /* Release */,
			);
			defaultConfigurationIsVisible = 0;
			defaultConfigurationName = Release;
		};
		9C56E75D2D6EF39400708DB6 /* Build configuration list for PBXNativeTarget "FBLAGAMEUITests" */ = {
			isa = XCConfigurationList;
			buildConfigurations = (
				9C56E75E2D6EF39400708DB6 /* Debug */,
				9C56E75F2D6EF39400708DB6 /* Release */,
			);
			defaultConfigurationIsVisible = 0;
			defaultConfigurationName = Release;
		};
/* End XCConfigurationList section */
	};
	rootObject = 9C56E72B2D6EF39100708DB6 /* Project object */;
}
